// !$*UTF8*$!
{
	archiveVersion = 1;
	classes = {
	};
	objectVersion = 46;
	objects = {

/* Begin PBXBuildFile section */
		C0B46ABD1EFA631E00062CFB /* main.m in Sources */ = {isa = PBXBuildFile; fileRef = C0B46ABC1EFA631E00062CFB /* main.m */; };
		C0B46AC01EFA631E00062CFB /* AppDelegate.m in Sources */ = {isa = PBXBuildFile; fileRef = C0B46ABF1EFA631E00062CFB /* AppDelegate.m */; };
		C0B46AC31EFA631E00062CFB /* ViewController.m in Sources */ = {isa = PBXBuildFile; fileRef = C0B46AC21EFA631E00062CFB /* ViewController.m */; };
		C0B46AC61EFA631E00062CFB /* Main.storyboard in Resources */ = {isa = PBXBuildFile; fileRef = C0B46AC41EFA631E00062CFB /* Main.storyboard */; };
		C0B46AC81EFA631E00062CFB /* Assets.xcassets in Resources */ = {isa = PBXBuildFile; fileRef = C0B46AC71EFA631E00062CFB /* Assets.xcassets */; };
		C0B46ACB1EFA631E00062CFB /* LaunchScreen.storyboard in Resources */ = {isa = PBXBuildFile; fileRef = C0B46AC91EFA631E00062CFB /* LaunchScreen.storyboard */; };
		C0B46AD61EFA631E00062CFB /* MyKeyChainTests.m in Sources */ = {isa = PBXBuildFile; fileRef = C0B46AD51EFA631E00062CFB /* MyKeyChainTests.m */; };
		C0B46AE11EFA631E00062CFB /* MyKeyChainUITests.m in Sources */ = {isa = PBXBuildFile; fileRef = C0B46AE01EFA631E00062CFB /* MyKeyChainUITests.m */; };
		C0B46AF11EFA63FA00062CFB /* ZXYKeychainWrapper.m in Sources */ = {isa = PBXBuildFile; fileRef = C0B46AF01EFA63FA00062CFB /* ZXYKeychainWrapper.m */; };
		C0B46AF41EFA641C00062CFB /* Security.framework in Frameworks */ = {isa = PBXBuildFile; fileRef = C0B46AF31EFA641C00062CFB /* Security.framework */; };
		C0B46AF71EFA648400062CFB /* NSMutableDictionary+IAMutableDictionary.m in Sources */ = {isa = PBXBuildFile; fileRef = C0B46AF51EFA648400062CFB /* NSMutableDictionary+IAMutableDictionary.m */; };
		C0B46AF91EFA652000062CFB /* Foundation.framework in Frameworks */ = {isa = PBXBuildFile; fileRef = C0B46AF81EFA652000062CFB /* Foundation.framework */; };
		C0B46AFC1EFA674200062CFB /* ZXYUserManager.m in Sources */ = {isa = PBXBuildFile; fileRef = C0B46AFB1EFA674200062CFB /* ZXYUserManager.m */; };
		C0B46B051EFA7EB100062CFB /* ZXYUtility.m in Sources */ = {isa = PBXBuildFile; fileRef = C0B46B031EFA7EB100062CFB /* ZXYUtility.m */; };
		C0B46B081EFA808B00062CFB /* ZXYAES.m in Sources */ = {isa = PBXBuildFile; fileRef = C0B46B061EFA808B00062CFB /* ZXYAES.m */; };
/* End PBXBuildFile section */

/* Begin PBXContainerItemProxy section */
		C0B46AD21EFA631E00062CFB /* PBXContainerItemProxy */ = {
			isa = PBXContainerItemProxy;
			containerPortal = C0B46AB01EFA631E00062CFB /* Project object */;
			proxyType = 1;
			remoteGlobalIDString = C0B46AB71EFA631E00062CFB;
			remoteInfo = MyKeyChain;
		};
		C0B46ADD1EFA631E00062CFB /* PBXContainerItemProxy */ = {
			isa = PBXContainerItemProxy;
			containerPortal = C0B46AB01EFA631E00062CFB /* Project object */;
			proxyType = 1;
			remoteGlobalIDString = C0B46AB71EFA631E00062CFB;
			remoteInfo = MyKeyChain;
		};
/* End PBXContainerItemProxy section */

/* Begin PBXFileReference section */
		C0B46AB81EFA631E00062CFB /* MyKeyChain.app */ = {isa = PBXFileReference; explicitFileType = wrapper.application; includeInIndex = 0; path = MyKeyChain.app; sourceTree = BUILT_PRODUCTS_DIR; };
		C0B46ABC1EFA631E00062CFB /* main.m */ = {isa = PBXFileReference; lastKnownFileType = sourcecode.c.objc; path = main.m; sourceTree = "<group>"; };
		C0B46ABE1EFA631E00062CFB /* AppDelegate.h */ = {isa = PBXFileReference; lastKnownFileType = sourcecode.c.h; path = AppDelegate.h; sourceTree = "<group>"; };
		C0B46ABF1EFA631E00062CFB /* AppDelegate.m */ = {isa = PBXFileReference; lastKnownFileType = sourcecode.c.objc; path = AppDelegate.m; sourceTree = "<group>"; };
		C0B46AC11EFA631E00062CFB /* ViewController.h */ = {isa = PBXFileReference; lastKnownFileType = sourcecode.c.h; path = ViewController.h; sourceTree = "<group>"; };
		C0B46AC21EFA631E00062CFB /* ViewController.m */ = {isa = PBXFileReference; lastKnownFileType = sourcecode.c.objc; path = ViewController.m; sourceTree = "<group>"; };
		C0B46AC51EFA631E00062CFB /* Base */ = {isa = PBXFileReference; lastKnownFileType = file.storyboard; name = Base; path = Base.lproj/Main.storyboard; sourceTree = "<group>"; };
		C0B46AC71EFA631E00062CFB /* Assets.xcassets */ = {isa = PBXFileReference; lastKnownFileType = folder.assetcatalog; path = Assets.xcassets; sourceTree = "<group>"; };
		C0B46ACA1EFA631E00062CFB /* Base */ = {isa = PBXFileReference; lastKnownFileType = file.storyboard; name = Base; path = Base.lproj/LaunchScreen.storyboard; sourceTree = "<group>"; };
		C0B46ACC1EFA631E00062CFB /* Info.plist */ = {isa = PBXFileReference; lastKnownFileType = text.plist.xml; path = Info.plist; sourceTree = "<group>"; };
		C0B46AD11EFA631E00062CFB /* MyKeyChainTests.xctest */ = {isa = PBXFileReference; explicitFileType = wrapper.cfbundle; includeInIndex = 0; path = MyKeyChainTests.xctest; sourceTree = BUILT_PRODUCTS_DIR; };
		C0B46AD51EFA631E00062CFB /* MyKeyChainTests.m */ = {isa = PBXFileReference; lastKnownFileType = sourcecode.c.objc; path = MyKeyChainTests.m; sourceTree = "<group>"; };
		C0B46AD71EFA631E00062CFB /* Info.plist */ = {isa = PBXFileReference; lastKnownFileType = text.plist.xml; path = Info.plist; sourceTree = "<group>"; };
		C0B46ADC1EFA631E00062CFB /* MyKeyChainUITests.xctest */ = {isa = PBXFileReference; explicitFileType = wrapper.cfbundle; includeInIndex = 0; path = MyKeyChainUITests.xctest; sourceTree = BUILT_PRODUCTS_DIR; };
		C0B46AE01EFA631E00062CFB /* MyKeyChainUITests.m */ = {isa = PBXFileReference; lastKnownFileType = sourcecode.c.objc; path = MyKeyChainUITests.m; sourceTree = "<group>"; };
		C0B46AE21EFA631E00062CFB /* Info.plist */ = {isa = PBXFileReference; lastKnownFileType = text.plist.xml; path = Info.plist; sourceTree = "<group>"; };
		C0B46AEF1EFA63FA00062CFB /* ZXYKeychainWrapper.h */ = {isa = PBXFileReference; fileEncoding = 4; lastKnownFileType = sourcecode.c.h; name = ZXYKeychainWrapper.h; path = MyKeyChain/ZXYKeychainWrapper.h; sourceTree = "<group>"; };
		C0B46AF01EFA63FA00062CFB /* ZXYKeychainWrapper.m */ = {isa = PBXFileReference; fileEncoding = 4; lastKnownFileType = sourcecode.c.objc; name = ZXYKeychainWrapper.m; path = MyKeyChain/ZXYKeychainWrapper.m; sourceTree = "<group>"; };
		C0B46AF31EFA641C00062CFB /* Security.framework */ = {isa = PBXFileReference; lastKnownFileType = wrapper.framework; name = Security.framework; path = System/Library/Frameworks/Security.framework; sourceTree = SDKROOT; };
		C0B46AF51EFA648400062CFB /* NSMutableDictionary+IAMutableDictionary.m */ = {isa = PBXFileReference; fileEncoding = 4; lastKnownFileType = sourcecode.c.objc; name = "NSMutableDictionary+IAMutableDictionary.m"; path = "MyKeyChain/NSMutableDictionary+IAMutableDictionary.m"; sourceTree = "<group>"; };
		C0B46AF61EFA648400062CFB /* NSMutableDictionary+IAMutableDictionary.h */ = {isa = PBXFileReference; fileEncoding = 4; lastKnownFileType = sourcecode.c.h; name = "NSMutableDictionary+IAMutableDictionary.h"; path = "MyKeyChain/NSMutableDictionary+IAMutableDictionary.h"; sourceTree = "<group>"; };
		C0B46AF81EFA652000062CFB /* Foundation.framework */ = {isa = PBXFileReference; lastKnownFileType = wrapper.framework; name = Foundation.framework; path = System/Library/Frameworks/Foundation.framework; sourceTree = SDKROOT; };
		C0B46AFA1EFA674200062CFB /* ZXYUserManager.h */ = {isa = PBXFileReference; fileEncoding = 4; lastKnownFileType = sourcecode.c.h; name = ZXYUserManager.h; path = MyKeyChain/ZXYUserManager.h; sourceTree = "<group>"; };
		C0B46AFB1EFA674200062CFB /* ZXYUserManager.m */ = {isa = PBXFileReference; fileEncoding = 4; lastKnownFileType = sourcecode.c.objc; name = ZXYUserManager.m; path = MyKeyChain/ZXYUserManager.m; sourceTree = "<group>"; };
		C0B46B031EFA7EB100062CFB /* ZXYUtility.m */ = {isa = PBXFileReference; fileEncoding = 4; lastKnownFileType = sourcecode.c.objc; name = ZXYUtility.m; path = MyKeyChain/ZXYUtility.m; sourceTree = "<group>"; };
		C0B46B041EFA7EB100062CFB /* ZXYUtility.h */ = {isa = PBXFileReference; fileEncoding = 4; lastKnownFileType = sourcecode.c.h; name = ZXYUtility.h; path = MyKeyChain/ZXYUtility.h; sourceTree = "<group>"; };
		C0B46B061EFA808B00062CFB /* ZXYAES.m */ = {isa = PBXFileReference; fileEncoding = 4; lastKnownFileType = sourcecode.c.objc; name = ZXYAES.m; path = MyKeyChain/ZXYAES.m; sourceTree = "<group>"; };
		C0B46B071EFA808B00062CFB /* ZXYAES.h */ = {isa = PBXFileReference; fileEncoding = 4; lastKnownFileType = sourcecode.c.h; name = ZXYAES.h; path = MyKeyChain/ZXYAES.h; sourceTree = "<group>"; };
		C0FF2C181EFBB70B008BB19A /* MyKeyChain.entitlements */ = {isa = PBXFileReference; lastKnownFileType = text.plist.entitlements; path = MyKeyChain.entitlements; sourceTree = "<group>"; };
/* End PBXFileReference section */

/* Begin PBXFrameworksBuildPhase section */
		C0B46AB51EFA631E00062CFB /* Frameworks */ = {
			isa = PBXFrameworksBuildPhase;
			buildActionMask = 2147483647;
			files = (
				C0B46AF91EFA652000062CFB /* Foundation.framework in Frameworks */,
				C0B46AF41EFA641C00062CFB /* Security.framework in Frameworks */,
			);
			runOnlyForDeploymentPostprocessing = 0;
		};
		C0B46ACE1EFA631E00062CFB /* Frameworks */ = {
			isa = PBXFrameworksBuildPhase;
			buildActionMask = 2147483647;
			files = (
			);
			runOnlyForDeploymentPostprocessing = 0;
		};
		C0B46AD91EFA631E00062CFB /* Frameworks */ = {
			isa = PBXFrameworksBuildPhase;
			buildActionMask = 2147483647;
			files = (
			);
			runOnlyForDeploymentPostprocessing = 0;
		};
/* End PBXFrameworksBuildPhase section */

/* Begin PBXGroup section */
		C0B46AAF1EFA631E00062CFB = {
			isa = PBXGroup;
			children = (
				C0B46B091EFA82F600062CFB /* ZXYKeyChain */,
				C0B46ABA1EFA631E00062CFB /* MyKeyChain */,
				C0B46AD41EFA631E00062CFB /* MyKeyChainTests */,
				C0B46ADF1EFA631E00062CFB /* MyKeyChainUITests */,
				C0B46AB91EFA631E00062CFB /* Products */,
				C0B46AF21EFA641C00062CFB /* Frameworks */,
			);
			sourceTree = "<group>";
		};
		C0B46AB91EFA631E00062CFB /* Products */ = {
			isa = PBXGroup;
			children = (
				C0B46AB81EFA631E00062CFB /* MyKeyChain.app */,
				C0B46AD11EFA631E00062CFB /* MyKeyChainTests.xctest */,
				C0B46ADC1EFA631E00062CFB /* MyKeyChainUITests.xctest */,
			);
			name = Products;
			sourceTree = "<group>";
		};
		C0B46ABA1EFA631E00062CFB /* MyKeyChain */ = {
			isa = PBXGroup;
			children = (
				C0FF2C181EFBB70B008BB19A /* MyKeyChain.entitlements */,
				C0B46ABE1EFA631E00062CFB /* AppDelegate.h */,
				C0B46ABF1EFA631E00062CFB /* AppDelegate.m */,
				C0B46AC11EFA631E00062CFB /* ViewController.h */,
				C0B46AC21EFA631E00062CFB /* ViewController.m */,
				C0B46AC41EFA631E00062CFB /* Main.storyboard */,
				C0B46AC71EFA631E00062CFB /* Assets.xcassets */,
				C0B46AC91EFA631E00062CFB /* LaunchScreen.storyboard */,
				C0B46ACC1EFA631E00062CFB /* Info.plist */,
				C0B46ABB1EFA631E00062CFB /* Supporting Files */,
			);
			path = MyKeyChain;
			sourceTree = "<group>";
		};
		C0B46ABB1EFA631E00062CFB /* Supporting Files */ = {
			isa = PBXGroup;
			children = (
				C0B46ABC1EFA631E00062CFB /* main.m */,
			);
			name = "Supporting Files";
			sourceTree = "<group>";
		};
		C0B46AD41EFA631E00062CFB /* MyKeyChainTests */ = {
			isa = PBXGroup;
			children = (
				C0B46AD51EFA631E00062CFB /* MyKeyChainTests.m */,
				C0B46AD71EFA631E00062CFB /* Info.plist */,
			);
			path = MyKeyChainTests;
			sourceTree = "<group>";
		};
		C0B46ADF1EFA631E00062CFB /* MyKeyChainUITests */ = {
			isa = PBXGroup;
			children = (
				C0B46AE01EFA631E00062CFB /* MyKeyChainUITests.m */,
				C0B46AE21EFA631E00062CFB /* Info.plist */,
			);
			path = MyKeyChainUITests;
			sourceTree = "<group>";
		};
		C0B46AF21EFA641C00062CFB /* Frameworks */ = {
			isa = PBXGroup;
			children = (
				C0B46AF81EFA652000062CFB /* Foundation.framework */,
				C0B46AF31EFA641C00062CFB /* Security.framework */,
			);
			name = Frameworks;
			sourceTree = "<group>";
		};
		C0B46B091EFA82F600062CFB /* ZXYKeyChain */ = {
			isa = PBXGroup;
			children = (
				C0B46AEF1EFA63FA00062CFB /* ZXYKeychainWrapper.h */,
				C0B46AF01EFA63FA00062CFB /* ZXYKeychainWrapper.m */,
				C0B46AF61EFA648400062CFB /* NSMutableDictionary+IAMutableDictionary.h */,
				C0B46AF51EFA648400062CFB /* NSMutableDictionary+IAMutableDictionary.m */,
				C0B46AFA1EFA674200062CFB /* ZXYUserManager.h */,
				C0B46AFB1EFA674200062CFB /* ZXYUserManager.m */,
				C0B46B041EFA7EB100062CFB /* ZXYUtility.h */,
				C0B46B031EFA7EB100062CFB /* ZXYUtility.m */,
				C0B46B071EFA808B00062CFB /* ZXYAES.h */,
				C0B46B061EFA808B00062CFB /* ZXYAES.m */,
			);
			name = ZXYKeyChain;
			sourceTree = "<group>";
		};
/* End PBXGroup section */

/* Begin PBXNativeTarget section */
		C0B46AB71EFA631E00062CFB /* MyKeyChain */ = {
			isa = PBXNativeTarget;
			buildConfigurationList = C0B46AE51EFA631E00062CFB /* Build configuration list for PBXNativeTarget "MyKeyChain" */;
			buildPhases = (
				C0B46AB41EFA631E00062CFB /* Sources */,
				C0B46AB51EFA631E00062CFB /* Frameworks */,
				C0B46AB61EFA631E00062CFB /* Resources */,
			);
			buildRules = (
			);
			dependencies = (
			);
			name = MyKeyChain;
			productName = MyKeyChain;
			productReference = C0B46AB81EFA631E00062CFB /* MyKeyChain.app */;
			productType = "com.apple.product-type.application";
		};
		C0B46AD01EFA631E00062CFB /* MyKeyChainTests */ = {
			isa = PBXNativeTarget;
			buildConfigurationList = C0B46AE81EFA631E00062CFB /* Build configuration list for PBXNativeTarget "MyKeyChainTests" */;
			buildPhases = (
				C0B46ACD1EFA631E00062CFB /* Sources */,
				C0B46ACE1EFA631E00062CFB /* Frameworks */,
				C0B46ACF1EFA631E00062CFB /* Resources */,
			);
			buildRules = (
			);
			dependencies = (
				C0B46AD31EFA631E00062CFB /* PBXTargetDependency */,
			);
			name = MyKeyChainTests;
			productName = MyKeyChainTests;
			productReference = C0B46AD11EFA631E00062CFB /* MyKeyChainTests.xctest */;
			productType = "com.apple.product-type.bundle.unit-test";
		};
		C0B46ADB1EFA631E00062CFB /* MyKeyChainUITests */ = {
			isa = PBXNativeTarget;
			buildConfigurationList = C0B46AEB1EFA631E00062CFB /* Build configuration list for PBXNativeTarget "MyKeyChainUITests" */;
			buildPhases = (
				C0B46AD81EFA631E00062CFB /* Sources */,
				C0B46AD91EFA631E00062CFB /* Frameworks */,
				C0B46ADA1EFA631E00062CFB /* Resources */,
			);
			buildRules = (
			);
			dependencies = (
				C0B46ADE1EFA631E00062CFB /* PBXTargetDependency */,
			);
			name = MyKeyChainUITests;
			productName = MyKeyChainUITests;
			productReference = C0B46ADC1EFA631E00062CFB /* MyKeyChainUITests.xctest */;
			productType = "com.apple.product-type.bundle.ui-testing";
		};
/* End PBXNativeTarget section */

/* Begin PBXProject section */
		C0B46AB01EFA631E00062CFB /* Project object */ = {
			isa = PBXProject;
			attributes = {
				LastUpgradeCheck = 0800;
				ORGANIZATIONNAME = TGSDK;
				TargetAttributes = {
					C0B46AB71EFA631E00062CFB = {
						CreatedOnToolsVersion = 8.0;
						DevelopmentTeam = H397AEQES3;
						ProvisioningStyle = Automatic;
						SystemCapabilities = {
							com.apple.Keychain = {
								enabled = 1;
							};
						};
					};
					C0B46AD01EFA631E00062CFB = {
						CreatedOnToolsVersion = 8.0;
						DevelopmentTeam = H397AEQES3;
						ProvisioningStyle = Automatic;
						TestTargetID = C0B46AB71EFA631E00062CFB;
					};
					C0B46ADB1EFA631E00062CFB = {
						CreatedOnToolsVersion = 8.0;
						DevelopmentTeam = H397AEQES3;
						ProvisioningStyle = Automatic;
						TestTargetID = C0B46AB71EFA631E00062CFB;
					};
				};
			};
			buildConfigurationList = C0B46AB31EFA631E00062CFB /* Build configuration list for PBXProject "MyKeyChain" */;
			compatibilityVersion = "Xcode 3.2";
			developmentRegion = English;
			hasScannedForEncodings = 0;
			knownRegions = (
				en,
				Base,
			);
			mainGroup = C0B46AAF1EFA631E00062CFB;
			productRefGroup = C0B46AB91EFA631E00062CFB /* Products */;
			projectDirPath = "";
			projectRoot = "";
			targets = (
				C0B46AB71EFA631E00062CFB /* MyKeyChain */,
				C0B46AD01EFA631E00062CFB /* MyKeyChainTests */,
				C0B46ADB1EFA631E00062CFB /* MyKeyChainUITests */,
			);
		};
/* End PBXProject section */

/* Begin PBXResourcesBuildPhase section */
		C0B46AB61EFA631E00062CFB /* Resources */ = {
			isa = PBXResourcesBuildPhase;
			buildActionMask = 2147483647;
			files = (
				C0B46ACB1EFA631E00062CFB /* LaunchScreen.storyboard in Resources */,
				C0B46AC81EFA631E00062CFB /* Assets.xcassets in Resources */,
				C0B46AC61EFA631E00062CFB /* Main.storyboard in Resources */,
			);
			runOnlyForDeploymentPostprocessing = 0;
		};
		C0B46ACF1EFA631E00062CFB /* Resources */ = {
			isa = PBXResourcesBuildPhase;
			buildActionMask = 2147483647;
			files = (
			);
			runOnlyForDeploymentPostprocessing = 0;
		};
		C0B46ADA1EFA631E00062CFB /* Resources */ = {
			isa = PBXResourcesBuildPhase;
			buildActionMask = 2147483647;
			files = (
			);
			runOnlyForDeploymentPostprocessing = 0;
		};
/* End PBXResourcesBuildPhase section */

/* Begin PBXSourcesBuildPhase section */
		C0B46AB41EFA631E00062CFB /* Sources */ = {
			isa = PBXSourcesBuildPhase;
			buildActionMask = 2147483647;
			files = (
				C0B46AC31EFA631E00062CFB /* ViewController.m in Sources */,
				C0B46AF11EFA63FA00062CFB /* ZXYKeychainWrapper.m in Sources */,
				C0B46B051EFA7EB100062CFB /* ZXYUtility.m in Sources */,
				C0B46AFC1EFA674200062CFB /* ZXYUserManager.m in Sources */,
				C0B46AF71EFA648400062CFB /* NSMutableDictionary+IAMutableDictionary.m in Sources */,
				C0B46B081EFA808B00062CFB /* ZXYAES.m in Sources */,
				C0B46AC01EFA631E00062CFB /* AppDelegate.m in Sources */,
				C0B46ABD1EFA631E00062CFB /* main.m in Sources */,
			);
			runOnlyForDeploymentPostprocessing = 0;
		};
		C0B46ACD1EFA631E00062CFB /* Sources */ = {
			isa = PBXSourcesBuildPhase;
			buildActionMask = 2147483647;
			files = (
				C0B46AD61EFA631E00062CFB /* MyKeyChainTests.m in Sources */,
			);
			runOnlyForDeploymentPostprocessing = 0;
		};
		C0B46AD81EFA631E00062CFB /* Sources */ = {
			isa = PBXSourcesBuildPhase;
			buildActionMask = 2147483647;
			files = (
				C0B46AE11EFA631E00062CFB /* MyKeyChainUITests.m in Sources */,
			);
			runOnlyForDeploymentPostprocessing = 0;
		};
/* End PBXSourcesBuildPhase section */

/* Begin PBXTargetDependency section */
		C0B46AD31EFA631E00062CFB /* PBXTargetDependency */ = {
			isa = PBXTargetDependency;
			target = C0B46AB71EFA631E00062CFB /* MyKeyChain */;
			targetProxy = C0B46AD21EFA631E00062CFB /* PBXContainerItemProxy */;
		};
		C0B46ADE1EFA631E00062CFB /* PBXTargetDependency */ = {
			isa = PBXTargetDependency;
			target = C0B46AB71EFA631E00062CFB /* MyKeyChain */;
			targetProxy = C0B46ADD1EFA631E00062CFB /* PBXContainerItemProxy */;
		};
/* End PBXTargetDependency section */

/* Begin PBXVariantGroup section */
		C0B46AC41EFA631E00062CFB /* Main.storyboard */ = {
			isa = PBXVariantGroup;
			children = (
				C0B46AC51EFA631E00062CFB /* Base */,
			);
			name = Main.storyboard;
			sourceTree = "<group>";
		};
		C0B46AC91EFA631E00062CFB /* LaunchScreen.storyboard */ = {
			isa = PBXVariantGroup;
			children = (
				C0B46ACA1EFA631E00062CFB /* Base */,
			);
			name = LaunchScreen.storyboard;
			sourceTree = "<group>";
		};
/* End PBXVariantGroup section */

/* Begin XCBuildConfiguration section */
		C0B46AE31EFA631E00062CFB /* Debug */ = {
			isa = XCBuildConfiguration;
			buildSettings = {
				ALWAYS_SEARCH_USER_PATHS = NO;
				CLANG_ANALYZER_NONNULL = YES;
				CLANG_CXX_LANGUAGE_STANDARD = "gnu++0x";
				CLANG_CXX_LIBRARY = "libc++";
				CLANG_ENABLE_MODULES = YES;
				CLANG_ENABLE_OBJC_ARC = YES;
				CLANG_WARN_BOOL_CONVERSION = YES;
				CLANG_WARN_CONSTANT_CONVERSION = YES;
				CLANG_WARN_DIRECT_OBJC_ISA_USAGE = YES_ERROR;
				CLANG_WARN_DOCUMENTATION_COMMENTS = YES;
				CLANG_WARN_EMPTY_BODY = YES;
				CLANG_WARN_ENUM_CONVERSION = YES;
				CLANG_WARN_INFINITE_RECURSION = YES;
				CLANG_WARN_INT_CONVERSION = YES;
				CLANG_WARN_OBJC_ROOT_CLASS = YES_ERROR;
				CLANG_WARN_SUSPICIOUS_MOVES = YES;
				CLANG_WARN_UNREACHABLE_CODE = YES;
				CLANG_WARN__DUPLICATE_METHOD_MATCH = YES;
				"CODE_SIGN_IDENTITY[sdk=iphoneos*]" = "iPhone Developer";
				COPY_PHASE_STRIP = NO;
				DEBUG_INFORMATION_FORMAT = dwarf;
				ENABLE_STRICT_OBJC_MSGSEND = YES;
				ENABLE_TESTABILITY = YES;
				GCC_C_LANGUAGE_STANDARD = gnu99;
				GCC_DYNAMIC_NO_PIC = NO;
				GCC_NO_COMMON_BLOCKS = YES;
				GCC_OPTIMIZATION_LEVEL = 0;
				GCC_PREPROCESSOR_DEFINITIONS = (
					"DEBUG=1",
					"$(inherited)",
				);
				GCC_WARN_64_TO_32_BIT_CONVERSION = YES;
				GCC_WARN_ABOUT_RETURN_TYPE = YES_ERROR;
				GCC_WARN_UNDECLARED_SELECTOR = YES;
				GCC_WARN_UNINITIALIZED_AUTOS = YES_AGGRESSIVE;
				GCC_WARN_UNUSED_FUNCTION = YES;
				GCC_WARN_UNUSED_VARIABLE = YES;
				IPHONEOS_DEPLOYMENT_TARGET = 10.0;
				MTL_ENABLE_DEBUG_INFO = YES;
				ONLY_ACTIVE_ARCH = YES;
				SDKROOT = iphoneos;
				TARGETED_DEVICE_FAMILY = "1,2";
			};
			name = Debug;
		};
		C0B46AE41EFA631E00062CFB /* Release */ = {
			isa = XCBuildConfiguration;
			buildSettings = {
				ALWAYS_SEARCH_USER_PATHS = NO;
				CLANG_ANALYZER_NONNULL = YES;
				CLANG_CXX_LANGUAGE_STANDARD = "gnu++0x";
				CLANG_CXX_LIBRARY = "libc++";
				CLANG_ENABLE_MODULES = YES;
				CLANG_ENABLE_OBJC_ARC = YES;
				CLANG_WARN_BOOL_CONVERSION = YES;
				CLANG_WARN_CONSTANT_CONVERSION = YES;
				CLANG_WARN_DIRECT_OBJC_ISA_USAGE = YES_ERROR;
				CLANG_WARN_DOCUMENTATION_COMMENTS = YES;
				CLANG_WARN_EMPTY_BODY = YES;
				CLANG_WARN_ENUM_CONVERSION = YES;
				CLANG_WARN_INFINITE_RECURSION = YES;
				CLANG_WARN_INT_CONVERSION = YES;
				CLANG_WARN_OBJC_ROOT_CLASS = YES_ERROR;
				CLANG_WARN_SUSPICIOUS_MOVES = YES;
				CLANG_WARN_UNREACHABLE_CODE = YES;
				CLANG_WARN__DUPLICATE_METHOD_MATCH = YES;
				"CODE_SIGN_IDENTITY[sdk=iphoneos*]" = "iPhone Developer";
				COPY_PHASE_STRIP = NO;
				DEBUG_INFORMATION_FORMAT = "dwarf-with-dsym";
				ENABLE_NS_ASSERTIONS = NO;
				ENABLE_STRICT_OBJC_MSGSEND = YES;
				GCC_C_LANGUAGE_STANDARD = gnu99;
				GCC_NO_COMMON_BLOCKS = YES;
				GCC_WARN_64_TO_32_BIT_CONVERSION = YES;
				GCC_WARN_ABOUT_RETURN_TYPE = YES_ERROR;
				GCC_WARN_UNDECLARED_SELECTOR = YES;
				GCC_WARN_UNINITIALIZED_AUTOS = YES_AGGRESSIVE;
				GCC_WARN_UNUSED_FUNCTION = YES;
				GCC_WARN_UNUSED_VARIABLE = YES;
				IPHONEOS_DEPLOYMENT_TARGET = 10.0;
				MTL_ENABLE_DEBUG_INFO = NO;
				SDKROOT = iphoneos;
				TARGETED_DEVICE_FAMILY = "1,2";
				VALIDATE_PRODUCT = YES;
			};
			name = Release;
		};
		C0B46AE61EFA631E00062CFB /* Debug */ = {
			isa = XCBuildConfiguration;
			buildSettings = {
				ASSETCATALOG_COMPILER_APPICON_NAME = AppIcon;
				CODE_SIGN_ENTITLEMENTS = MyKeyChain/MyKeyChain.entitlements;
				DEVELOPMENT_TEAM = H397AEQES3;
				INFOPLIST_FILE = MyKeyChain/Info.plist;
				IPHONEOS_DEPLOYMENT_TARGET = 8.0;
				LD_RUNPATH_SEARCH_PATHS = "$(inherited) @executable_path/Frameworks";
				PRODUCT_BUNDLE_IDENTIFIER = th.in.gamforest.MyKeyChain;
				PRODUCT_NAME = "$(TARGET_NAME)";
			};
			name = Debug;
		};
		C0B46AE71EFA631E00062CFB /* Release */ = {
			isa = XCBuildConfiguration;
			buildSettings = {
				ASSETCATALOG_COMPILER_APPICON_NAME = AppIcon;
				CODE_SIGN_ENTITLEMENTS = MyKeyChain/MyKeyChain.entitlements;
				DEVELOPMENT_TEAM = H397AEQES3;
				INFOPLIST_FILE = MyKeyChain/Info.plist;
				IPHONEOS_DEPLOYMENT_TARGET = 8.0;
				LD_RUNPATH_SEARCH_PATHS = "$(inherited) @executable_path/Frameworks";
				PRODUCT_BUNDLE_IDENTIFIER = th.in.gamforest.MyKeyChain;
				PRODUCT_NAME = "$(TARGET_NAME)";
			};
			name = Release;
		};
		C0B46AE91EFA631E00062CFB /* Debug */ = {
			isa = XCBuildConfiguration;
			buildSettings = {
				BUNDLE_LOADER = "$(TEST_HOST)";
				DEVELOPMENT_TEAM = H397AEQES3;
				INFOPLIST_FILE = MyKeyChainTests/Info.plist;
				LD_RUNPATH_SEARCH_PATHS = "$(inherited) @executable_path/Frameworks @loader_path/Frameworks";
				PRODUCT_BUNDLE_IDENTIFIER = th.in.gamforest.MyKeyChainTests;
				PRODUCT_NAME = "$(TARGET_NAME)";
				TEST_HOST = "$(BUILT_PRODUCTS_DIR)/MyKeyChain.app/MyKeyChain";
			};
			name = Debug;
		};
		C0B46AEA1EFA631E00062CFB /* Release */ = {
			isa = XCBuildConfiguration;
			buildSettings = {
				BUNDLE_LOADER = "$(TEST_HOST)";
				DEVELOPMENT_TEAM = H397AEQES3;
				INFOPLIST_FILE = MyKeyChainTests/Info.plist;
				LD_RUNPATH_SEARCH_PATHS = "$(inherited) @executable_path/Frameworks @loader_path/Frameworks";
				PRODUCT_BUNDLE_IDENTIFIER = th.in.gamforest.MyKeyChainTests;
				PRODUCT_NAME = "$(TARGET_NAME)";
				TEST_HOST = "$(BUILT_PRODUCTS_DIR)/MyKeyChain.app/MyKeyChain";
			};
			name = Release;
		};
		C0B46AEC1EFA631E00062CFB /* Debug */ = {
			isa = XCBuildConfiguration;
			buildSettings = {
				DEVELOPMENT_TEAM = H397AEQES3;
				INFOPLIST_FILE = MyKeyChainUITests/Info.plist;
				LD_RUNPATH_SEARCH_PATHS = "$(inherited) @executable_path/Frameworks @loader_path/Frameworks";
				PRODUCT_BUNDLE_IDENTIFIER = th.in.gamforest.MyKeyChainUITests;
				PRODUCT_NAME = "$(TARGET_NAME)";
				TEST_TARGET_NAME = MyKeyChain;
			};
			name = Debug;
		};
		C0B46AED1EFA631E00062CFB /* Release */ = {
			isa = XCBuildConfiguration;
			buildSettings = {
				DEVELOPMENT_TEAM = H397AEQES3;
				INFOPLIST_FILE = MyKeyChainUITests/Info.plist;
				LD_RUNPATH_SEARCH_PATHS = "$(inherited) @executable_path/Frameworks @loader_path/Frameworks";
				PRODUCT_BUNDLE_IDENTIFIER = th.in.gamforest.MyKeyChainUITests;
				PRODUCT_NAME = "$(TARGET_NAME)";
				TEST_TARGET_NAME = MyKeyChain;
			};
			name = Release;
		};
/* End XCBuildConfiguration section */

/* Begin XCConfigurationList section */
		C0B46AB31EFA631E00062CFB /* Build configuration list for PBXProject "MyKeyChain" */ = {
			isa = XCConfigurationList;
			buildConfigurations = (
				C0B46AE31EFA631E00062CFB /* Debug */,
				C0B46AE41EFA631E00062CFB /* Release */,
			);
			defaultConfigurationIsVisible = 0;
			defaultConfigurationName = Release;
		};
		C0B46AE51EFA631E00062CFB /* Build configuration list for PBXNativeTarget "MyKeyChain" */ = {
			isa = XCConfigurationList;
			buildConfigurations = (
				C0B46AE61EFA631E00062CFB /* Debug */,
				C0B46AE71EFA631E00062CFB /* Release */,
			);
			defaultConfigurationIsVisible = 0;
			defaultConfigurationName = Release;
		};
		C0B46AE81EFA631E00062CFB /* Build configuration list for PBXNativeTarget "MyKeyChainTests" */ = {
			isa = XCConfigurationList;
			buildConfigurations = (
				C0B46AE91EFA631E00062CFB /* Debug */,
				C0B46AEA1EFA631E00062CFB /* Release */,
			);
			defaultConfigurationIsVisible = 0;
			defaultConfigurationName = Release;
		};
		C0B46AEB1EFA631E00062CFB /* Build configuration list for PBXNativeTarget "MyKeyChainUITests" */ = {
			isa = XCConfigurationList;
			buildConfigurations = (
				C0B46AEC1EFA631E00062CFB /* Debug */,
				C0B46AED1EFA631E00062CFB /* Release */,
			);
			defaultConfigurationIsVisible = 0;
			defaultConfigurationName = Release;
		};
/* End XCConfigurationList section */
	};
	rootObject = C0B46AB01EFA631E00062CFB /* Project object */;
}
